
Microsoft Visual Studio Solution File, Format Version 12.00
# Visual Studio Version 16
VisualStudioVersion = 16.0.29519.87
MinimumVisualStudioVersion = 10.0.40219.1
Project("{9A19103F-16F7-4668-BE54-9A1E7A4F7556}") = "ProAgil.WebAPI", "ProAgil.WebAPI\ProAgil.WebAPI.csproj", "{1963D0CB-20B8-48BC-81ED-ED1AA211E62B}"
EndProject
Project("{9A19103F-16F7-4668-BE54-9A1E7A4F7556}") = "ProAgil.Domain", "ProAgil.Domain\ProAgil.Domain.csproj", "{3AD007F7-9013-4583-AF24-C7F876BC9967}"
EndProject
Project("{9A19103F-16F7-4668-BE54-9A1E7A4F7556}") = "ProAgil.Repository", "ProAgil.Repository\ProAgil.Repository.csproj", "{7FED5E60-B9C7-415A-AB03-0A811EF0FBDF}"
EndProject
Global
	GlobalSection(SolutionConfigurationPlatforms) = preSolution
		Debug|Any CPU = Debug|Any CPU
		Release|Any CPU = Release|Any CPU
	EndGlobalSection
	GlobalSection(ProjectConfigurationPlatforms) = postSolution
		{1963D0CB-20B8-48BC-81ED-ED1AA211E62B}.Debug|Any CPU.ActiveCfg = Debug|Any CPU
		{1963D0CB-20B8-48BC-81ED-ED1AA211E62B}.Debug|Any CPU.Build.0 = Debug|Any CPU
		{1963D0CB-20B8-48BC-81ED-ED1AA211E62B}.Release|Any CPU.ActiveCfg = Release|Any CPU
		{1963D0CB-20B8-48BC-81ED-ED1AA211E62B}.Release|Any CPU.Build.0 = Release|Any CPU
		{3AD007F7-9013-4583-AF24-C7F876BC9967}.Debug|Any CPU.ActiveCfg = Debug|Any CPU
		{3AD007F7-9013-4583-AF24-C7F876BC9967}.Debug|Any CPU.Build.0 = Debug|Any CPU
		{3AD007F7-9013-4583-AF24-C7F876BC9967}.Release|Any CPU.ActiveCfg = Release|Any CPU
		{3AD007F7-9013-4583-AF24-C7F876BC9967}.Release|Any CPU.Build.0 = Release|Any CPU
		{7FED5E60-B9C7-415A-AB03-0A811EF0FBDF}.Debug|Any CPU.ActiveCfg = Debug|Any CPU
		{7FED5E60-B9C7-415A-AB03-0A811EF0FBDF}.Debug|Any CPU.Build.0 = Debug|Any CPU
		{7FED5E60-B9C7-415A-AB03-0A811EF0FBDF}.Release|Any CPU.ActiveCfg = Release|Any CPU
		{7FED5E60-B9C7-415A-AB03-0A811EF0FBDF}.Release|Any CPU.Build.0 = Release|Any CPU
	EndGlobalSection
	GlobalSection(SolutionProperties) = preSolution
		HideSolutionNode = FALSE
	EndGlobalSection
	GlobalSection(ExtensibilityGlobals) = postSolution
		SolutionGuid = {C88DFE16-0915-44AA-87C4-3C9180FB902C}
	EndGlobalSection
EndGlobal
